
Microsoft Visual Studio Solution File, Format Version 12.00
# Visual Studio Version 17
VisualStudioVersion = 17.7.34009.444
MinimumVisualStudioVersion = 10.0.40219.1
Project("{9A19103F-16F7-4668-BE54-9A1E7A4F7556}") = "Localizer", "Localizer\Localizer.csproj", "{15C069DD-FE3D-4C66-A71D-55FC83C1FBA3}"
EndProject
Project("{9A19103F-16F7-4668-BE54-9A1E7A4F7556}") = "Localizer.Core", "Localizer.Core\Localizer.Core.csproj", "{A740BC46-365F-4CC8-ACEE-B3AB7551805A}"
EndProject
Project("{FAE04EC0-301F-11D3-BF4B-00C04F79EFBC}") = "Localizer.Test", "test\Localizer.Test\Localizer.Test.csproj", "{8CEF5F0A-B8EB-4AE7-A8FF-127405CD224D}"
EndProject
Global
	GlobalSection(SolutionConfigurationPlatforms) = preSolution
		Debug|Any CPU = Debug|Any CPU
		Release|Any CPU = Release|Any CPU
	EndGlobalSection
	GlobalSection(ProjectConfigurationPlatforms) = postSolution
		{15C069DD-FE3D-4C66-A71D-55FC83C1FBA3}.Debug|Any CPU.ActiveCfg = Debug|Any CPU
		{15C069DD-FE3D-4C66-A71D-55FC83C1FBA3}.Debug|Any CPU.Build.0 = Debug|Any CPU
		{15C069DD-FE3D-4C66-A71D-55FC83C1FBA3}.Debug|Any CPU.Deploy.0 = Debug|Any CPU
		{15C069DD-FE3D-4C66-A71D-55FC83C1FBA3}.Release|Any CPU.ActiveCfg = Release|Any CPU
		{15C069DD-FE3D-4C66-A71D-55FC83C1FBA3}.Release|Any CPU.Build.0 = Release|Any CPU
		{15C069DD-FE3D-4C66-A71D-55FC83C1FBA3}.Release|Any CPU.Deploy.0 = Release|Any CPU
		{A740BC46-365F-4CC8-ACEE-B3AB7551805A}.Debug|Any CPU.ActiveCfg = Debug|Any CPU
		{A740BC46-365F-4CC8-ACEE-B3AB7551805A}.Debug|Any CPU.Build.0 = Debug|Any CPU
		{A740BC46-365F-4CC8-ACEE-B3AB7551805A}.Release|Any CPU.ActiveCfg = Release|Any CPU
		{A740BC46-365F-4CC8-ACEE-B3AB7551805A}.Release|Any CPU.Build.0 = Release|Any CPU
		{8CEF5F0A-B8EB-4AE7-A8FF-127405CD224D}.Debug|Any CPU.ActiveCfg = Debug|Any CPU
		{8CEF5F0A-B8EB-4AE7-A8FF-127405CD224D}.Debug|Any CPU.Build.0 = Debug|Any CPU
		{8CEF5F0A-B8EB-4AE7-A8FF-127405CD224D}.Release|Any CPU.ActiveCfg = Release|Any CPU
		{8CEF5F0A-B8EB-4AE7-A8FF-127405CD224D}.Release|Any CPU.Build.0 = Release|Any CPU
	EndGlobalSection
	GlobalSection(SolutionProperties) = preSolution
		HideSolutionNode = FALSE
	EndGlobalSection
	GlobalSection(ExtensibilityGlobals) = postSolution
		SolutionGuid = {6FB96084-F186-4098-816F-9D4CA1228022}
	EndGlobalSection
EndGlobal
